
Microsoft Visual Studio Solution File, Format Version 12.00
Project("{FAE04EC0-301F-11D3-BF4B-00C04F79EFBC}") = "Homework3_1", "Homework3_1\Homework3_1.csproj", "{0E2EA816-E298-426F-9570-274F7F505DB5}"
EndProject
Project("{FAE04EC0-301F-11D3-BF4B-00C04F79EFBC}") = "Homework3_2", "Homework3_2\Homework3_2.csproj", "{DD900177-21F6-4298-9C68-223E6BE891DB}"
EndProject
Project("{FAE04EC0-301F-11D3-BF4B-00C04F79EFBC}") = "Homework3_3", "Homework3_3\Homework3_3.csproj", "{BB6376C5-72BE-4C53-947A-FDA63234AEBC}"
EndProject
Project("{FAE04EC0-301F-11D3-BF4B-00C04F79EFBC}") = "Homework3_4", "Homework3_4\Homework3_4.csproj", "{97F832AC-D342-4639-9610-05A36077A378}"
EndProject
Project("{FAE04EC0-301F-11D3-BF4B-00C04F79EFBC}") = "Homework3_5", "Homework3_5\Homework3_5.csproj", "{1841B7CD-C03A-4317-A082-BCE6DC2C5FE0}"
EndProject
Global
	GlobalSection(SolutionConfigurationPlatforms) = preSolution
		Debug|Any CPU = Debug|Any CPU
		Release|Any CPU = Release|Any CPU
	EndGlobalSection
	GlobalSection(ProjectConfigurationPlatforms) = postSolution
		{0E2EA816-E298-426F-9570-274F7F505DB5}.Debug|Any CPU.ActiveCfg = Debug|Any CPU
		{0E2EA816-E298-426F-9570-274F7F505DB5}.Debug|Any CPU.Build.0 = Debug|Any CPU
		{0E2EA816-E298-426F-9570-274F7F505DB5}.Release|Any CPU.ActiveCfg = Release|Any CPU
		{0E2EA816-E298-426F-9570-274F7F505DB5}.Release|Any CPU.Build.0 = Release|Any CPU
		{DD900177-21F6-4298-9C68-223E6BE891DB}.Debug|Any CPU.ActiveCfg = Debug|Any CPU
		{DD900177-21F6-4298-9C68-223E6BE891DB}.Debug|Any CPU.Build.0 = Debug|Any CPU
		{DD900177-21F6-4298-9C68-223E6BE891DB}.Release|Any CPU.ActiveCfg = Release|Any CPU
		{DD900177-21F6-4298-9C68-223E6BE891DB}.Release|Any CPU.Build.0 = Release|Any CPU
		{BB6376C5-72BE-4C53-947A-FDA63234AEBC}.Debug|Any CPU.ActiveCfg = Debug|Any CPU
		{BB6376C5-72BE-4C53-947A-FDA63234AEBC}.Debug|Any CPU.Build.0 = Debug|Any CPU
		{BB6376C5-72BE-4C53-947A-FDA63234AEBC}.Release|Any CPU.ActiveCfg = Release|Any CPU
		{BB6376C5-72BE-4C53-947A-FDA63234AEBC}.Release|Any CPU.Build.0 = Release|Any CPU
		{97F832AC-D342-4639-9610-05A36077A378}.Debug|Any CPU.ActiveCfg = Debug|Any CPU
		{97F832AC-D342-4639-9610-05A36077A378}.Debug|Any CPU.Build.0 = Debug|Any CPU
		{97F832AC-D342-4639-9610-05A36077A378}.Release|Any CPU.ActiveCfg = Release|Any CPU
		{97F832AC-D342-4639-9610-05A36077A378}.Release|Any CPU.Build.0 = Release|Any CPU
		{1841B7CD-C03A-4317-A082-BCE6DC2C5FE0}.Debug|Any CPU.ActiveCfg = Debug|Any CPU
		{1841B7CD-C03A-4317-A082-BCE6DC2C5FE0}.Debug|Any CPU.Build.0 = Debug|Any CPU
		{1841B7CD-C03A-4317-A082-BCE6DC2C5FE0}.Release|Any CPU.ActiveCfg = Release|Any CPU
		{1841B7CD-C03A-4317-A082-BCE6DC2C5FE0}.Release|Any CPU.Build.0 = Release|Any CPU
	EndGlobalSection
EndGlobal
